github.com/andybalholm/brotli v1.0.5 h1:8uQZIdzKmjc/iuPu7O2ioW48L81FgatrcpfFmiq/cCs=
github.com/andybalholm/brotli v1.0.5/go.mod h1:fO7iG3H7G2nSZ7m0zPUDn85XEX2GTukHGRSepvi9Eig=
github.com/corpix/uarand v0.2.0 h1:U98xXwud/AVuCpkpgfPF7J5TQgr7R5tqT8VZP5KWbzE=
github.com/corpix/uarand v0.2.0/go.mod h1:/3Z1QIqWkDIhf6XWn/08/uMHoQ8JUoTIKc2iPchBOmM=
github.com/davecgh/go-spew v1.1.0 h1:ZDRjVQ15GmhC3fiQ8ni8+OwkZQO4DARzQgrnXU1Liz8=
github.com/hueristiq/hqgoutils v0.0.0-20230313202103-053eefb3d3ec h1:rK/Tm5QTcb1hXThoQOQ+KnO6cmPDgrSBi5rPObo1OUM=
github.com/hueristiq/hqgoutils v0.0.0-20230313202103-053eefb3d3ec/go.mod h1:owPR/GbpoJMI3Bvx2NMXqLcwb4p8pd6x2qzuebsgbHk=
github.com/imdario/mergo v0.3.15 h1:M8XP7IuFNsqUx6VPK2P9OSmsYsI/YFaGil0uD21V3dM=
github.com/imdario/mergo v0.3.15/go.mod h1:WBLT9ZmE3lPoWsEzCh9LPo3TiwVN+ZKEjmz+hD27ysY=
github.com/klauspost/compress v1.16.3 h1:XuJt9zzcnaz6a16/OU53ZjWp/v7/42WcR5t2a0PcNQY=
github.com/klauspost/compress v1.16.3/go.mod h1:ntbaceVETuRiXiv4DpjP66DpAtAGkEQskQzEyD//IeE=
github.com/logrusorgru/aurora/v3 v3.0.0 h1:R6zcoZZbvVcGMvDCKo45A9U/lzYyzl5NfYIvznmDfE4=
github.com/logrusorgru/aurora/v3 v3.0.0/go.mod h1:vsR12bk5grlLvLXAYrBsb5Oc/N+LxAlxggSjiwMnCUc=
github.com/pmezard/go-difflib v1.0.0 h1:4DBwDE0NGyQoBHbLQYPwSUPoCMWR5BEzIk/f1lZbAQM=
github.com/spf13/pflag v1.0.5 h1:iy+VFUOCP1a+8yFto/drg2CJ5u0yRoB7fZw3DKv/JXA=
github.com/spf13/pflag v1.0.5/go.mod h1:McXfInJRrz4CZXVZOBLb0bTZqETkiAhM9Iw0y3An2Bg=
github.com/stretchr/testify v1.7.1 h1:5TQK59W5E3v0r2duFAb7P95B6hEeOyEnHRa8MjYSMTY=
github.com/tomnomnom/linkheader v0.0.0-20180905144013-02ca5825eb80 h1:nrZ3ySNYwJbSpD6ce9duiP+QkD3JuLCcWkdaehUS/3Y=
github.com/tomnomnom/linkheader v0.0.0-20180905144013-02ca5825eb80/go.mod h1:iFyPdL66DjUD96XmzVL3ZntbzcflLnznH0fr99w5VqE=
github.com/valyala/bytebufferpool v1.0.0 h1:GqA5TC/0021Y/b9FG4Oi9Mr3q7XYx6KllzawFIhcdPw=
github.com/valyala/bytebufferpool v1.0.0/go.mod h1:6bBcMArwyJ5K/AmCkWv1jt77kVWyCJ6HpOuEn7z0Csc=
github.com/valyala/fasthttp v1.47.0 h1:y7moDoxYzMooFpT5aHgNgVOQDrS3qlkfiP9mDtGGK9c=
github.com/valyala/fasthttp v1.47.0/go.mod h1:k2zXd82h/7UZc3VOdJ2WaUqt1uZ/XpXAfE9i+HBC3lA=
golang.org/x/net v0.8.0 h1:Zrh2ngAOFYneWTAIAPethzeaQLuHwhuBkuV6ZiRnUaQ=
golang.org/x/net v0.8.0/go.mod h1:QVkue5JL9kW//ek3r6jTKnTFis1tRmNAW2P1shuFdJc=
golang.org/x/sys v0.6.0 h1:MVltZSvRTcU2ljQOhs94SXPftV6DCNnZViHeQps87pQ=
golang.org/x/sys v0.6.0/go.mod h1:oPkhp1MJrh7nUepCBck5+mAzfO9JrbApNNgaTdGDITg=
golang.org/x/term v0.6.0 h1:clScbb1cHjoCkyRbWwBEUZ5H/tIFu5TAXIqaZD0Gcjw=
golang.org/x/term v0.6.0/go.mod h1:m6U89DPEgQRMq3DNkDClhWw02AUbt2daBVO4cn4Hv9U=
gopkg.in/check.v1 v0.0.0-20161208181325-20d25e280405 h1:yhCVgyC4o1eVCa2tZl7eS0r+SDo693bJlVdllGtEeKM=
gopkg.in/check.v1 v0.0.0-20161208181325-20d25e280405/go.mod h1:Co6ibVJAznAaIkqp8huTwlJQCZ016jof/cbN4VW5Yz0=
gopkg.in/yaml.v3 v3.0.1 h1:fxVm/GzAzEWqLHuvctI91KS9hhNmmWOoWu0XTYJS7CA=
gopkg.in/yaml.v3 v3.0.1/go.mod h1:K4uyk7z7BCEPqu6E+C64Yfv1cQ7kz7rIZviUmN+EgEM=
